
Microsoft Visual Studio Solution File, Format Version 12.00
# Visual Studio Version 17
VisualStudioVersion = 17.3.32819.101
MinimumVisualStudioVersion = 10.0.40219.1
Project("{9A19103F-16F7-4668-BE54-9A1E7A4F7556}") = "GameApi", "GameApi\GameApi.csproj", "{8C957689-F6D9-45B8-9558-3E74689D58B8}"
EndProject
Project("{9A19103F-16F7-4668-BE54-9A1E7A4F7556}") = "GameApi.UnitTests", "GameApi.UnitTests\GameApi.UnitTests.csproj", "{08CC1186-8628-4950-8A0E-056EBDDF9FB3}"
EndProject
Global
	GlobalSection(SolutionConfigurationPlatforms) = preSolution
		Debug|Any CPU = Debug|Any CPU
		Release|Any CPU = Release|Any CPU
	EndGlobalSection
	GlobalSection(ProjectConfigurationPlatforms) = postSolution
		{8C957689-F6D9-45B8-9558-3E74689D58B8}.Debug|Any CPU.ActiveCfg = Debug|Any CPU
		{8C957689-F6D9-45B8-9558-3E74689D58B8}.Debug|Any CPU.Build.0 = Debug|Any CPU
		{8C957689-F6D9-45B8-9558-3E74689D58B8}.Release|Any CPU.ActiveCfg = Release|Any CPU
		{8C957689-F6D9-45B8-9558-3E74689D58B8}.Release|Any CPU.Build.0 = Release|Any CPU
		{08CC1186-8628-4950-8A0E-056EBDDF9FB3}.Debug|Any CPU.ActiveCfg = Debug|Any CPU
		{08CC1186-8628-4950-8A0E-056EBDDF9FB3}.Debug|Any CPU.Build.0 = Debug|Any CPU
		{08CC1186-8628-4950-8A0E-056EBDDF9FB3}.Release|Any CPU.ActiveCfg = Release|Any CPU
		{08CC1186-8628-4950-8A0E-056EBDDF9FB3}.Release|Any CPU.Build.0 = Release|Any CPU
	EndGlobalSection
	GlobalSection(SolutionProperties) = preSolution
		HideSolutionNode = FALSE
	EndGlobalSection
	GlobalSection(ExtensibilityGlobals) = postSolution
		SolutionGuid = {139991E2-0F5F-4CD6-BEA2-B52A98062673}
	EndGlobalSection
EndGlobal
